// !$*UTF8*$!
{
	archiveVersion = 1;
	classes = {
	};
	objectVersion = 52;
	objects = {

/* Begin PBXBuildFile section */
		94325C7B27D7F2F600037133 /* Spectral-Medium.ttf in Resources */ = {isa = PBXBuildFile; fileRef = 94325C7A27D7F2F600037133 /* Spectral-Medium.ttf */; };
		94325C7D27D7F30400037133 /* Spectral-MediumItalic.ttf in Resources */ = {isa = PBXBuildFile; fileRef = 94325C7C27D7F30400037133 /* Spectral-MediumItalic.ttf */; };
		94325C7F27D7F34900037133 /* QuattrocentoSans-Regular.ttf in Resources */ = {isa = PBXBuildFile; fileRef = 94325C7E27D7F34900037133 /* QuattrocentoSans-Regular.ttf */; };
		943D43EE27D15ACE00B6B4F5 /* PermanentMarker-Regular.ttf in Resources */ = {isa = PBXBuildFile; fileRef = 943D43ED27D15ACE00B6B4F5 /* PermanentMarker-Regular.ttf */; };
		9F07CE0A273B0C7800325BE1 /* colors_2.swift in Sources */ = {isa = PBXBuildFile; fileRef = 9F07CE09273B0C7800325BE1 /* colors_2.swift */; };
		9F23277E2707EB4200F2D82D /* Functions.swift in Sources */ = {isa = PBXBuildFile; fileRef = 9F23277D2707EB4200F2D82D /* Functions.swift */; };
		9F2327822707EE6200F2D82D /* AddRecipeView.swift in Sources */ = {isa = PBXBuildFile; fileRef = 9F2327812707EE6200F2D82D /* AddRecipeView.swift */; };
		9F33F5DF27445B250020BFC8 /* Realm in Frameworks */ = {isa = PBXBuildFile; productRef = 9F33F5DE27445B250020BFC8 /* Realm */; };
		9F33F5E127445B250020BFC8 /* RealmSwift in Frameworks */ = {isa = PBXBuildFile; productRef = 9F33F5E027445B250020BFC8 /* RealmSwift */; };
		9F499F8D27062A2C00F17D08 /* RecipeInformationView.swift in Sources */ = {isa = PBXBuildFile; fileRef = 9F499F8C27062A2C00F17D08 /* RecipeInformationView.swift */; };
		9F499F9027063E4300F17D08 /* EditRecipeView.swift in Sources */ = {isa = PBXBuildFile; fileRef = 9F499F8F27063E4300F17D08 /* EditRecipeView.swift */; };
		9F59939A279C54A500C0C226 /* ScheduleView.swift in Sources */ = {isa = PBXBuildFile; fileRef = 9F599399279C54A500C0C226 /* ScheduleView.swift */; };
		9F59EB1326FD169000D72492 /* AppState.swift in Sources */ = {isa = PBXBuildFile; fileRef = 9F59EB1226FD169000D72492 /* AppState.swift */; };
		9F59EB1926FD1D5500D72492 /* LoginView.swift in Sources */ = {isa = PBXBuildFile; fileRef = 9F59EB1826FD1D5500D72492 /* LoginView.swift */; };
		9F6C002826EA524C00689AA7 /* CookGuideApp.swift in Sources */ = {isa = PBXBuildFile; fileRef = 9F6C002726EA524C00689AA7 /* CookGuideApp.swift */; };
		9F6C002A26EA524C00689AA7 /* HomeView.swift in Sources */ = {isa = PBXBuildFile; fileRef = 9F6C002926EA524C00689AA7 /* HomeView.swift */; };
		9F6C002C26EA524D00689AA7 /* Assets.xcassets in Resources */ = {isa = PBXBuildFile; fileRef = 9F6C002B26EA524D00689AA7 /* Assets.xcassets */; };
		9F6C002F26EA524D00689AA7 /* Preview Assets.xcassets in Resources */ = {isa = PBXBuildFile; fileRef = 9F6C002E26EA524D00689AA7 /* Preview Assets.xcassets */; };
		9F6C003A26EA524D00689AA7 /* CookGuideTests.swift in Sources */ = {isa = PBXBuildFile; fileRef = 9F6C003926EA524D00689AA7 /* CookGuideTests.swift */; };
		9F6C004526EA524E00689AA7 /* CookGuideUITests.swift in Sources */ = {isa = PBXBuildFile; fileRef = 9F6C004426EA524E00689AA7 /* CookGuideUITests.swift */; };
		9F6E084127AC567100ACC907 /* CartView.swift in Sources */ = {isa = PBXBuildFile; fileRef = 9F6E084027AC567100ACC907 /* CartView.swift */; };
		9F82B79626F13DAE0066B81B /* Initializer.swift in Sources */ = {isa = PBXBuildFile; fileRef = 9F82B79526F13DAE0066B81B /* Initializer.swift */; };
		9FC680BD27457545002027E4 /* WebParserView.swift in Sources */ = {isa = PBXBuildFile; fileRef = 9FC680BC27457545002027E4 /* WebParserView.swift */; };
		9FC680BF274575EA002027E4 /* WebParser.swift in Sources */ = {isa = PBXBuildFile; fileRef = 9FC680BE274575EA002027E4 /* WebParser.swift */; };
		9FD157EC2746DB9700909764 /* SwiftSoup in Frameworks */ = {isa = PBXBuildFile; productRef = 9FD157EB2746DB9700909764 /* SwiftSoup */; };
		9FFD916A26F38FD000DD1E83 /* AddIngredientView.swift in Sources */ = {isa = PBXBuildFile; fileRef = 9FFD916926F38FD000DD1E83 /* AddIngredientView.swift */; };
		9FFD917126F3CC2400DD1E83 /* Classes.swift in Sources */ = {isa = PBXBuildFile; fileRef = 9FFD917026F3CC2400DD1E83 /* Classes.swift */; };
		9FFD917326F3D5CB00DD1E83 /* Constants.swift in Sources */ = {isa = PBXBuildFile; fileRef = 9FFD917226F3D5CB00DD1E83 /* Constants.swift */; };
		9FFD917526F3FA1B00DD1E83 /* AddInstructionView.swift in Sources */ = {isa = PBXBuildFile; fileRef = 9FFD917426F3FA1B00DD1E83 /* AddInstructionView.swift */; };
/* End PBXBuildFile section */

/* Begin PBXContainerItemProxy section */
		9F6C003626EA524D00689AA7 /* PBXContainerItemProxy */ = {
			isa = PBXContainerItemProxy;
			containerPortal = 9F6C001C26EA524C00689AA7 /* Project object */;
			proxyType = 1;
			remoteGlobalIDString = 9F6C002326EA524C00689AA7;
			remoteInfo = CookGuide;
		};
		9F6C004126EA524E00689AA7 /* PBXContainerItemProxy */ = {
			isa = PBXContainerItemProxy;
			containerPortal = 9F6C001C26EA524C00689AA7 /* Project object */;
			proxyType = 1;
			remoteGlobalIDString = 9F6C002326EA524C00689AA7;
			remoteInfo = CookGuide;
		};
/* End PBXContainerItemProxy section */

/* Begin PBXFileReference section */
		94325C7A27D7F2F600037133 /* Spectral-Medium.ttf */ = {isa = PBXFileReference; lastKnownFileType = file; path = "Spectral-Medium.ttf"; sourceTree = "<group>"; };
		94325C7C27D7F30400037133 /* Spectral-MediumItalic.ttf */ = {isa = PBXFileReference; lastKnownFileType = file; path = "Spectral-MediumItalic.ttf"; sourceTree = "<group>"; };
		94325C7E27D7F34900037133 /* QuattrocentoSans-Regular.ttf */ = {isa = PBXFileReference; lastKnownFileType = file; path = "QuattrocentoSans-Regular.ttf"; sourceTree = "<group>"; };
		943D43ED27D15ACE00B6B4F5 /* PermanentMarker-Regular.ttf */ = {isa = PBXFileReference; lastKnownFileType = file; path = "PermanentMarker-Regular.ttf"; sourceTree = "<group>"; };
		9F07CE09273B0C7800325BE1 /* colors_2.swift */ = {isa = PBXFileReference; fileEncoding = 4; lastKnownFileType = sourcecode.swift; path = colors_2.swift; sourceTree = "<group>"; };
		9F23277D2707EB4200F2D82D /* Functions.swift */ = {isa = PBXFileReference; lastKnownFileType = sourcecode.swift; path = Functions.swift; sourceTree = "<group>"; };
		9F2327812707EE6200F2D82D /* AddRecipeView.swift */ = {isa = PBXFileReference; lastKnownFileType = sourcecode.swift; path = AddRecipeView.swift; sourceTree = "<group>"; };
		9F499F8C27062A2C00F17D08 /* RecipeInformationView.swift */ = {isa = PBXFileReference; lastKnownFileType = sourcecode.swift; path = RecipeInformationView.swift; sourceTree = "<group>"; };
		9F499F8F27063E4300F17D08 /* EditRecipeView.swift */ = {isa = PBXFileReference; lastKnownFileType = sourcecode.swift; path = EditRecipeView.swift; sourceTree = "<group>"; };
		9F599399279C54A500C0C226 /* ScheduleView.swift */ = {isa = PBXFileReference; lastKnownFileType = sourcecode.swift; path = ScheduleView.swift; sourceTree = "<group>"; };
		9F59EB1226FD169000D72492 /* AppState.swift */ = {isa = PBXFileReference; lastKnownFileType = sourcecode.swift; path = AppState.swift; sourceTree = "<group>"; };
		9F59EB1826FD1D5500D72492 /* LoginView.swift */ = {isa = PBXFileReference; lastKnownFileType = sourcecode.swift; path = LoginView.swift; sourceTree = "<group>"; };
		9F6C002426EA524C00689AA7 /* CookGuide.app */ = {isa = PBXFileReference; explicitFileType = wrapper.application; includeInIndex = 0; path = CookGuide.app; sourceTree = BUILT_PRODUCTS_DIR; };
		9F6C002726EA524C00689AA7 /* CookGuideApp.swift */ = {isa = PBXFileReference; lastKnownFileType = sourcecode.swift; path = CookGuideApp.swift; sourceTree = "<group>"; };
		9F6C002926EA524C00689AA7 /* HomeView.swift */ = {isa = PBXFileReference; lastKnownFileType = sourcecode.swift; path = HomeView.swift; sourceTree = "<group>"; };
		9F6C002B26EA524D00689AA7 /* Assets.xcassets */ = {isa = PBXFileReference; lastKnownFileType = folder.assetcatalog; path = Assets.xcassets; sourceTree = "<group>"; };
		9F6C002E26EA524D00689AA7 /* Preview Assets.xcassets */ = {isa = PBXFileReference; lastKnownFileType = folder.assetcatalog; path = "Preview Assets.xcassets"; sourceTree = "<group>"; };
		9F6C003026EA524D00689AA7 /* Info.plist */ = {isa = PBXFileReference; lastKnownFileType = text.plist.xml; path = Info.plist; sourceTree = "<group>"; };
		9F6C003526EA524D00689AA7 /* CookGuideTests.xctest */ = {isa = PBXFileReference; explicitFileType = wrapper.cfbundle; includeInIndex = 0; path = CookGuideTests.xctest; sourceTree = BUILT_PRODUCTS_DIR; };
		9F6C003926EA524D00689AA7 /* CookGuideTests.swift */ = {isa = PBXFileReference; lastKnownFileType = sourcecode.swift; path = CookGuideTests.swift; sourceTree = "<group>"; };
		9F6C003B26EA524D00689AA7 /* Info.plist */ = {isa = PBXFileReference; lastKnownFileType = text.plist.xml; path = Info.plist; sourceTree = "<group>"; };
		9F6C004026EA524E00689AA7 /* CookGuideUITests.xctest */ = {isa = PBXFileReference; explicitFileType = wrapper.cfbundle; includeInIndex = 0; path = CookGuideUITests.xctest; sourceTree = BUILT_PRODUCTS_DIR; };
		9F6C004426EA524E00689AA7 /* CookGuideUITests.swift */ = {isa = PBXFileReference; lastKnownFileType = sourcecode.swift; path = CookGuideUITests.swift; sourceTree = "<group>"; };
		9F6C004626EA524E00689AA7 /* Info.plist */ = {isa = PBXFileReference; lastKnownFileType = text.plist.xml; path = Info.plist; sourceTree = "<group>"; };
		9F6C005226EA53FF00689AA7 /* README.md */ = {isa = PBXFileReference; lastKnownFileType = net.daringfireball.markdown; path = README.md; sourceTree = "<group>"; };
		9F6E084027AC567100ACC907 /* CartView.swift */ = {isa = PBXFileReference; lastKnownFileType = sourcecode.swift; path = CartView.swift; sourceTree = "<group>"; };
		9F82B79526F13DAE0066B81B /* Initializer.swift */ = {isa = PBXFileReference; lastKnownFileType = sourcecode.swift; path = Initializer.swift; sourceTree = "<group>"; };
		9FC680BC27457545002027E4 /* WebParserView.swift */ = {isa = PBXFileReference; lastKnownFileType = sourcecode.swift; path = WebParserView.swift; sourceTree = "<group>"; };
		9FC680BE274575EA002027E4 /* WebParser.swift */ = {isa = PBXFileReference; lastKnownFileType = sourcecode.swift; path = WebParser.swift; sourceTree = "<group>"; };
		9FFD916926F38FD000DD1E83 /* AddIngredientView.swift */ = {isa = PBXFileReference; lastKnownFileType = sourcecode.swift; path = AddIngredientView.swift; sourceTree = "<group>"; };
		9FFD917026F3CC2400DD1E83 /* Classes.swift */ = {isa = PBXFileReference; lastKnownFileType = sourcecode.swift; path = Classes.swift; sourceTree = "<group>"; };
		9FFD917226F3D5CB00DD1E83 /* Constants.swift */ = {isa = PBXFileReference; lastKnownFileType = sourcecode.swift; path = Constants.swift; sourceTree = "<group>"; };
		9FFD917426F3FA1B00DD1E83 /* AddInstructionView.swift */ = {isa = PBXFileReference; lastKnownFileType = sourcecode.swift; path = AddInstructionView.swift; sourceTree = "<group>"; };
/* End PBXFileReference section */

/* Begin PBXFrameworksBuildPhase section */
		9F6C002126EA524C00689AA7 /* Frameworks */ = {
			isa = PBXFrameworksBuildPhase;
			buildActionMask = 2147483647;
			files = (
				9F33F5E127445B250020BFC8 /* RealmSwift in Frameworks */,
				9FD157EC2746DB9700909764 /* SwiftSoup in Frameworks */,
				9F33F5DF27445B250020BFC8 /* Realm in Frameworks */,
			);
			runOnlyForDeploymentPostprocessing = 0;
		};
		9F6C003226EA524D00689AA7 /* Frameworks */ = {
			isa = PBXFrameworksBuildPhase;
			buildActionMask = 2147483647;
			files = (
			);
			runOnlyForDeploymentPostprocessing = 0;
		};
		9F6C003D26EA524E00689AA7 /* Frameworks */ = {
			isa = PBXFrameworksBuildPhase;
			buildActionMask = 2147483647;
			files = (
			);
			runOnlyForDeploymentPostprocessing = 0;
		};
/* End PBXFrameworksBuildPhase section */

/* Begin PBXGroup section */
		943D43EA27D159CC00B6B4F5 /* font */ = {
			isa = PBXGroup;
			children = (
				94325C7E27D7F34900037133 /* QuattrocentoSans-Regular.ttf */,
				94325C7C27D7F30400037133 /* Spectral-MediumItalic.ttf */,
				94325C7A27D7F2F600037133 /* Spectral-Medium.ttf */,
				943D43ED27D15ACE00B6B4F5 /* PermanentMarker-Regular.ttf */,
			);
			path = font;
			sourceTree = "<group>";
		};
		9F07CE08273B0C4800325BE1 /* Styles */ = {
			isa = PBXGroup;
			children = (
				9F07CE09273B0C7800325BE1 /* colors_2.swift */,
				943D43EA27D159CC00B6B4F5 /* font */,
			);
			path = Styles;
			sourceTree = "<group>";
		};
		9F2327832708168C00F2D82D /* Views */ = {
			isa = PBXGroup;
			children = (
				9F59EB1826FD1D5500D72492 /* LoginView.swift */,
				9F6E084027AC567100ACC907 /* CartView.swift */,
				9FC680BC27457545002027E4 /* WebParserView.swift */,
				9F6C002926EA524C00689AA7 /* HomeView.swift */,
				9F599399279C54A500C0C226 /* ScheduleView.swift */,
				9F499F8F27063E4300F17D08 /* EditRecipeView.swift */,
				9F499F8C27062A2C00F17D08 /* RecipeInformationView.swift */,
				9FFD916926F38FD000DD1E83 /* AddIngredientView.swift */,
				9FFD917426F3FA1B00DD1E83 /* AddInstructionView.swift */,
				9F2327812707EE6200F2D82D /* AddRecipeView.swift */,
			);
			path = Views;
			sourceTree = "<group>";
		};
		9F6C001B26EA524C00689AA7 = {
			isa = PBXGroup;
			children = (
				9F6C005226EA53FF00689AA7 /* README.md */,
				9F6C002626EA524C00689AA7 /* CookGuide */,
				9F6C003826EA524D00689AA7 /* CookGuideTests */,
				9F6C004326EA524E00689AA7 /* CookGuideUITests */,
				9F6C002526EA524C00689AA7 /* Products */,
			);
			sourceTree = "<group>";
		};
		9F6C002526EA524C00689AA7 /* Products */ = {
			isa = PBXGroup;
			children = (
				9F6C002426EA524C00689AA7 /* CookGuide.app */,
				9F6C003526EA524D00689AA7 /* CookGuideTests.xctest */,
				9F6C004026EA524E00689AA7 /* CookGuideUITests.xctest */,
			);
			name = Products;
			sourceTree = "<group>";
		};
		9F6C002626EA524C00689AA7 /* CookGuide */ = {
			isa = PBXGroup;
			children = (
				9F07CE08273B0C4800325BE1 /* Styles */,
				9F2327832708168C00F2D82D /* Views */,
				9F6C002726EA524C00689AA7 /* CookGuideApp.swift */,
				9F59EB1226FD169000D72492 /* AppState.swift */,
				9F82B79526F13DAE0066B81B /* Initializer.swift */,
				9FFD917026F3CC2400DD1E83 /* Classes.swift */,
				9F23277D2707EB4200F2D82D /* Functions.swift */,
				9FFD917226F3D5CB00DD1E83 /* Constants.swift */,
				9FC680BE274575EA002027E4 /* WebParser.swift */,
				9F6C002B26EA524D00689AA7 /* Assets.xcassets */,
				9F6C003026EA524D00689AA7 /* Info.plist */,
				9F6C002D26EA524D00689AA7 /* Preview Content */,
			);
			path = CookGuide;
			sourceTree = "<group>";
		};
		9F6C002D26EA524D00689AA7 /* Preview Content */ = {
			isa = PBXGroup;
			children = (
				9F6C002E26EA524D00689AA7 /* Preview Assets.xcassets */,
			);
			path = "Preview Content";
			sourceTree = "<group>";
		};
		9F6C003826EA524D00689AA7 /* CookGuideTests */ = {
			isa = PBXGroup;
			children = (
				9F6C003926EA524D00689AA7 /* CookGuideTests.swift */,
				9F6C003B26EA524D00689AA7 /* Info.plist */,
			);
			path = CookGuideTests;
			sourceTree = "<group>";
		};
		9F6C004326EA524E00689AA7 /* CookGuideUITests */ = {
			isa = PBXGroup;
			children = (
				9F6C004426EA524E00689AA7 /* CookGuideUITests.swift */,
				9F6C004626EA524E00689AA7 /* Info.plist */,
			);
			path = CookGuideUITests;
			sourceTree = "<group>";
		};
/* End PBXGroup section */

/* Begin PBXNativeTarget section */
		9F6C002326EA524C00689AA7 /* CookGuide */ = {
			isa = PBXNativeTarget;
			buildConfigurationList = 9F6C004926EA524E00689AA7 /* Build configuration list for PBXNativeTarget "CookGuide" */;
			buildPhases = (
				9F6C002026EA524C00689AA7 /* Sources */,
				9F6C002126EA524C00689AA7 /* Frameworks */,
				9F6C002226EA524C00689AA7 /* Resources */,
			);
			buildRules = (
			);
			dependencies = (
			);
			name = CookGuide;
			packageProductDependencies = (
				9F33F5DE27445B250020BFC8 /* Realm */,
				9F33F5E027445B250020BFC8 /* RealmSwift */,
				9FD157EB2746DB9700909764 /* SwiftSoup */,
			);
			productName = CookGuide;
			productReference = 9F6C002426EA524C00689AA7 /* CookGuide.app */;
			productType = "com.apple.product-type.application";
		};
		9F6C003426EA524D00689AA7 /* CookGuideTests */ = {
			isa = PBXNativeTarget;
			buildConfigurationList = 9F6C004C26EA524E00689AA7 /* Build configuration list for PBXNativeTarget "CookGuideTests" */;
			buildPhases = (
				9F6C003126EA524D00689AA7 /* Sources */,
				9F6C003226EA524D00689AA7 /* Frameworks */,
				9F6C003326EA524D00689AA7 /* Resources */,
			);
			buildRules = (
			);
			dependencies = (
				9F6C003726EA524D00689AA7 /* PBXTargetDependency */,
			);
			name = CookGuideTests;
			productName = CookGuideTests;
			productReference = 9F6C003526EA524D00689AA7 /* CookGuideTests.xctest */;
			productType = "com.apple.product-type.bundle.unit-test";
		};
		9F6C003F26EA524E00689AA7 /* CookGuideUITests */ = {
			isa = PBXNativeTarget;
			buildConfigurationList = 9F6C004F26EA524E00689AA7 /* Build configuration list for PBXNativeTarget "CookGuideUITests" */;
			buildPhases = (
				9F6C003C26EA524E00689AA7 /* Sources */,
				9F6C003D26EA524E00689AA7 /* Frameworks */,
				9F6C003E26EA524E00689AA7 /* Resources */,
			);
			buildRules = (
			);
			dependencies = (
				9F6C004226EA524E00689AA7 /* PBXTargetDependency */,
			);
			name = CookGuideUITests;
			productName = CookGuideUITests;
			productReference = 9F6C004026EA524E00689AA7 /* CookGuideUITests.xctest */;
			productType = "com.apple.product-type.bundle.ui-testing";
		};
/* End PBXNativeTarget section */

/* Begin PBXProject section */
		9F6C001C26EA524C00689AA7 /* Project object */ = {
			isa = PBXProject;
			attributes = {
				LastSwiftUpdateCheck = 1250;
				LastUpgradeCheck = 1250;
				TargetAttributes = {
					9F6C002326EA524C00689AA7 = {
						CreatedOnToolsVersion = 12.5.1;
					};
					9F6C003426EA524D00689AA7 = {
						CreatedOnToolsVersion = 12.5.1;
						TestTargetID = 9F6C002326EA524C00689AA7;
					};
					9F6C003F26EA524E00689AA7 = {
						CreatedOnToolsVersion = 12.5.1;
						TestTargetID = 9F6C002326EA524C00689AA7;
					};
				};
			};
			buildConfigurationList = 9F6C001F26EA524C00689AA7 /* Build configuration list for PBXProject "CookGuide" */;
			compatibilityVersion = "Xcode 9.3";
			developmentRegion = en;
			hasScannedForEncodings = 0;
			knownRegions = (
				en,
				Base,
			);
			mainGroup = 9F6C001B26EA524C00689AA7;
			packageReferences = (
				9F33F5DD27445B250020BFC8 /* XCRemoteSwiftPackageReference "realm-cocoa" */,
				9FD157EA2746DB9700909764 /* XCRemoteSwiftPackageReference "SwiftSoup" */,
			);
			productRefGroup = 9F6C002526EA524C00689AA7 /* Products */;
			projectDirPath = "";
			projectRoot = "";
			targets = (
				9F6C002326EA524C00689AA7 /* CookGuide */,
				9F6C003426EA524D00689AA7 /* CookGuideTests */,
				9F6C003F26EA524E00689AA7 /* CookGuideUITests */,
			);
		};
/* End PBXProject section */

/* Begin PBXResourcesBuildPhase section */
		9F6C002226EA524C00689AA7 /* Resources */ = {
			isa = PBXResourcesBuildPhase;
			buildActionMask = 2147483647;
			files = (
				9F6C002F26EA524D00689AA7 /* Preview Assets.xcassets in Resources */,
				943D43EE27D15ACE00B6B4F5 /* PermanentMarker-Regular.ttf in Resources */,
				9F6C002C26EA524D00689AA7 /* Assets.xcassets in Resources */,
				94325C7D27D7F30400037133 /* Spectral-MediumItalic.ttf in Resources */,
				94325C7B27D7F2F600037133 /* Spectral-Medium.ttf in Resources */,
				94325C7F27D7F34900037133 /* QuattrocentoSans-Regular.ttf in Resources */,
			);
			runOnlyForDeploymentPostprocessing = 0;
		};
		9F6C003326EA524D00689AA7 /* Resources */ = {
			isa = PBXResourcesBuildPhase;
			buildActionMask = 2147483647;
			files = (
			);
			runOnlyForDeploymentPostprocessing = 0;
		};
		9F6C003E26EA524E00689AA7 /* Resources */ = {
			isa = PBXResourcesBuildPhase;
			buildActionMask = 2147483647;
			files = (
			);
			runOnlyForDeploymentPostprocessing = 0;
		};
/* End PBXResourcesBuildPhase section */

/* Begin PBXSourcesBuildPhase section */
		9F6C002026EA524C00689AA7 /* Sources */ = {
			isa = PBXSourcesBuildPhase;
			buildActionMask = 2147483647;
			files = (
				9F6E084127AC567100ACC907 /* CartView.swift in Sources */,
				9FC680BD27457545002027E4 /* WebParserView.swift in Sources */,
				9F6C002A26EA524C00689AA7 /* HomeView.swift in Sources */,
				9F6C002826EA524C00689AA7 /* CookGuideApp.swift in Sources */,
				9F2327822707EE6200F2D82D /* AddRecipeView.swift in Sources */,
				9FFD917526F3FA1B00DD1E83 /* AddInstructionView.swift in Sources */,
				9FC680BF274575EA002027E4 /* WebParser.swift in Sources */,
				9F499F8D27062A2C00F17D08 /* RecipeInformationView.swift in Sources */,
				9F59939A279C54A500C0C226 /* ScheduleView.swift in Sources */,
				9F59EB1326FD169000D72492 /* AppState.swift in Sources */,
				9F499F9027063E4300F17D08 /* EditRecipeView.swift in Sources */,
				9F82B79626F13DAE0066B81B /* Initializer.swift in Sources */,
				9FFD917126F3CC2400DD1E83 /* Classes.swift in Sources */,
				9FFD916A26F38FD000DD1E83 /* AddIngredientView.swift in Sources */,
				9F59EB1926FD1D5500D72492 /* LoginView.swift in Sources */,
				9FFD917326F3D5CB00DD1E83 /* Constants.swift in Sources */,
				9F07CE0A273B0C7800325BE1 /* colors_2.swift in Sources */,
				9F23277E2707EB4200F2D82D /* Functions.swift in Sources */,
			);
			runOnlyForDeploymentPostprocessing = 0;
		};
		9F6C003126EA524D00689AA7 /* Sources */ = {
			isa = PBXSourcesBuildPhase;
			buildActionMask = 2147483647;
			files = (
				9F6C003A26EA524D00689AA7 /* CookGuideTests.swift in Sources */,
			);
			runOnlyForDeploymentPostprocessing = 0;
		};
		9F6C003C26EA524E00689AA7 /* Sources */ = {
			isa = PBXSourcesBuildPhase;
			buildActionMask = 2147483647;
			files = (
				9F6C004526EA524E00689AA7 /* CookGuideUITests.swift in Sources */,
			);
			runOnlyForDeploymentPostprocessing = 0;
		};
/* End PBXSourcesBuildPhase section */

/* Begin PBXTargetDependency section */
		9F6C003726EA524D00689AA7 /* PBXTargetDependency */ = {
			isa = PBXTargetDependency;
			target = 9F6C002326EA524C00689AA7 /* CookGuide */;
			targetProxy = 9F6C003626EA524D00689AA7 /* PBXContainerItemProxy */;
		};
		9F6C004226EA524E00689AA7 /* PBXTargetDependency */ = {
			isa = PBXTargetDependency;
			target = 9F6C002326EA524C00689AA7 /* CookGuide */;
			targetProxy = 9F6C004126EA524E00689AA7 /* PBXContainerItemProxy */;
		};
/* End PBXTargetDependency section */

/* Begin XCBuildConfiguration section */
		9F6C004726EA524E00689AA7 /* Debug */ = {
			isa = XCBuildConfiguration;
			buildSettings = {
				ALWAYS_SEARCH_USER_PATHS = NO;
				CLANG_ANALYZER_NONNULL = YES;
				CLANG_ANALYZER_NUMBER_OBJECT_CONVERSION = YES_AGGRESSIVE;
				CLANG_CXX_LANGUAGE_STANDARD = "gnu++14";
				CLANG_CXX_LIBRARY = "libc++";
				CLANG_ENABLE_MODULES = YES;
				CLANG_ENABLE_OBJC_ARC = YES;
				CLANG_ENABLE_OBJC_WEAK = YES;
				CLANG_WARN_BLOCK_CAPTURE_AUTORELEASING = YES;
				CLANG_WARN_BOOL_CONVERSION = YES;
				CLANG_WARN_COMMA = YES;
				CLANG_WARN_CONSTANT_CONVERSION = YES;
				CLANG_WARN_DEPRECATED_OBJC_IMPLEMENTATIONS = YES;
				CLANG_WARN_DIRECT_OBJC_ISA_USAGE = YES_ERROR;
				CLANG_WARN_DOCUMENTATION_COMMENTS = YES;
				CLANG_WARN_EMPTY_BODY = YES;
				CLANG_WARN_ENUM_CONVERSION = YES;
				CLANG_WARN_INFINITE_RECURSION = YES;
				CLANG_WARN_INT_CONVERSION = YES;
				CLANG_WARN_NON_LITERAL_NULL_CONVERSION = YES;
				CLANG_WARN_OBJC_IMPLICIT_RETAIN_SELF = YES;
				CLANG_WARN_OBJC_LITERAL_CONVERSION = YES;
				CLANG_WARN_OBJC_ROOT_CLASS = YES_ERROR;
				CLANG_WARN_QUOTED_INCLUDE_IN_FRAMEWORK_HEADER = YES;
				CLANG_WARN_RANGE_LOOP_ANALYSIS = YES;
				CLANG_WARN_STRICT_PROTOTYPES = YES;
				CLANG_WARN_SUSPICIOUS_MOVE = YES;
				CLANG_WARN_UNGUARDED_AVAILABILITY = YES_AGGRESSIVE;
				CLANG_WARN_UNREACHABLE_CODE = YES;
				CLANG_WARN__DUPLICATE_METHOD_MATCH = YES;
				COPY_PHASE_STRIP = NO;
				DEBUG_INFORMATION_FORMAT = dwarf;
				ENABLE_STRICT_OBJC_MSGSEND = YES;
				ENABLE_TESTABILITY = YES;
				GCC_C_LANGUAGE_STANDARD = gnu11;
				GCC_DYNAMIC_NO_PIC = NO;
				GCC_NO_COMMON_BLOCKS = YES;
				GCC_OPTIMIZATION_LEVEL = 0;
				GCC_PREPROCESSOR_DEFINITIONS = (
					"DEBUG=1",
					"$(inherited)",
				);
				GCC_WARN_64_TO_32_BIT_CONVERSION = YES;
				GCC_WARN_ABOUT_RETURN_TYPE = YES_ERROR;
				GCC_WARN_UNDECLARED_SELECTOR = YES;
				GCC_WARN_UNINITIALIZED_AUTOS = YES_AGGRESSIVE;
				GCC_WARN_UNUSED_FUNCTION = YES;
				GCC_WARN_UNUSED_VARIABLE = YES;
				IPHONEOS_DEPLOYMENT_TARGET = 14.5;
				MTL_ENABLE_DEBUG_INFO = INCLUDE_SOURCE;
				MTL_FAST_MATH = YES;
				ONLY_ACTIVE_ARCH = YES;
				SDKROOT = iphoneos;
				SWIFT_ACTIVE_COMPILATION_CONDITIONS = DEBUG;
				SWIFT_OPTIMIZATION_LEVEL = "-Onone";
			};
			name = Debug;
		};
		9F6C004826EA524E00689AA7 /* Release */ = {
			isa = XCBuildConfiguration;
			buildSettings = {
				ALWAYS_SEARCH_USER_PATHS = NO;
				CLANG_ANALYZER_NONNULL = YES;
				CLANG_ANALYZER_NUMBER_OBJECT_CONVERSION = YES_AGGRESSIVE;
				CLANG_CXX_LANGUAGE_STANDARD = "gnu++14";
				CLANG_CXX_LIBRARY = "libc++";
				CLANG_ENABLE_MODULES = YES;
				CLANG_ENABLE_OBJC_ARC = YES;
				CLANG_ENABLE_OBJC_WEAK = YES;
				CLANG_WARN_BLOCK_CAPTURE_AUTORELEASING = YES;
				CLANG_WARN_BOOL_CONVERSION = YES;
				CLANG_WARN_COMMA = YES;
				CLANG_WARN_CONSTANT_CONVERSION = YES;
				CLANG_WARN_DEPRECATED_OBJC_IMPLEMENTATIONS = YES;
				CLANG_WARN_DIRECT_OBJC_ISA_USAGE = YES_ERROR;
				CLANG_WARN_DOCUMENTATION_COMMENTS = YES;
				CLANG_WARN_EMPTY_BODY = YES;
				CLANG_WARN_ENUM_CONVERSION = YES;
				CLANG_WARN_INFINITE_RECURSION = YES;
				CLANG_WARN_INT_CONVERSION = YES;
				CLANG_WARN_NON_LITERAL_NULL_CONVERSION = YES;
				CLANG_WARN_OBJC_IMPLICIT_RETAIN_SELF = YES;
				CLANG_WARN_OBJC_LITERAL_CONVERSION = YES;
				CLANG_WARN_OBJC_ROOT_CLASS = YES_ERROR;
				CLANG_WARN_QUOTED_INCLUDE_IN_FRAMEWORK_HEADER = YES;
				CLANG_WARN_RANGE_LOOP_ANALYSIS = YES;
				CLANG_WARN_STRICT_PROTOTYPES = YES;
				CLANG_WARN_SUSPICIOUS_MOVE = YES;
				CLANG_WARN_UNGUARDED_AVAILABILITY = YES_AGGRESSIVE;
				CLANG_WARN_UNREACHABLE_CODE = YES;
				CLANG_WARN__DUPLICATE_METHOD_MATCH = YES;
				COPY_PHASE_STRIP = NO;
				DEBUG_INFORMATION_FORMAT = "dwarf-with-dsym";
				ENABLE_NS_ASSERTIONS = NO;
				ENABLE_STRICT_OBJC_MSGSEND = YES;
				GCC_C_LANGUAGE_STANDARD = gnu11;
				GCC_NO_COMMON_BLOCKS = YES;
				GCC_WARN_64_TO_32_BIT_CONVERSION = YES;
				GCC_WARN_ABOUT_RETURN_TYPE = YES_ERROR;
				GCC_WARN_UNDECLARED_SELECTOR = YES;
				GCC_WARN_UNINITIALIZED_AUTOS = YES_AGGRESSIVE;
				GCC_WARN_UNUSED_FUNCTION = YES;
				GCC_WARN_UNUSED_VARIABLE = YES;
				IPHONEOS_DEPLOYMENT_TARGET = 14.5;
				MTL_ENABLE_DEBUG_INFO = NO;
				MTL_FAST_MATH = YES;
				SDKROOT = iphoneos;
				SWIFT_COMPILATION_MODE = wholemodule;
				SWIFT_OPTIMIZATION_LEVEL = "-O";
				VALIDATE_PRODUCT = YES;
			};
			name = Release;
		};
		9F6C004A26EA524E00689AA7 /* Debug */ = {
			isa = XCBuildConfiguration;
			buildSettings = {
				ASSETCATALOG_COMPILER_APPICON_NAME = AppIcon;
				ASSETCATALOG_COMPILER_GLOBAL_ACCENT_COLOR_NAME = AccentColor;
				CODE_SIGN_STYLE = Automatic;
				DEVELOPMENT_ASSET_PATHS = "\"CookGuide/Preview Content\"";
				DEVELOPMENT_TEAM = 4R943G4SG3;
				ENABLE_PREVIEWS = YES;
				INFOPLIST_FILE = CookGuide/Info.plist;
				IPHONEOS_DEPLOYMENT_TARGET = 14.0;
				LD_RUNPATH_SEARCH_PATHS = (
					"$(inherited)",
					"@executable_path/Frameworks",
				);
				PRODUCT_BUNDLE_IDENTIFIER = Kenneth.CookGuide;
				PRODUCT_NAME = "$(TARGET_NAME)";
				SWIFT_VERSION = 5.0;
				TARGETED_DEVICE_FAMILY = "1,2";
			};
			name = Debug;
		};
		9F6C004B26EA524E00689AA7 /* Release */ = {
			isa = XCBuildConfiguration;
			buildSettings = {
				ASSETCATALOG_COMPILER_APPICON_NAME = AppIcon;
				ASSETCATALOG_COMPILER_GLOBAL_ACCENT_COLOR_NAME = AccentColor;
				CODE_SIGN_STYLE = Automatic;
				DEVELOPMENT_ASSET_PATHS = "\"CookGuide/Preview Content\"";
				DEVELOPMENT_TEAM = 4R943G4SG3;
				ENABLE_PREVIEWS = YES;
				INFOPLIST_FILE = CookGuide/Info.plist;
				IPHONEOS_DEPLOYMENT_TARGET = 14.0;
				LD_RUNPATH_SEARCH_PATHS = (
					"$(inherited)",
					"@executable_path/Frameworks",
				);
				PRODUCT_BUNDLE_IDENTIFIER = Kenneth.CookGuide;
				PRODUCT_NAME = "$(TARGET_NAME)";
				SWIFT_VERSION = 5.0;
				TARGETED_DEVICE_FAMILY = "1,2";
			};
			name = Release;
		};
		9F6C004D26EA524E00689AA7 /* Debug */ = {
			isa = XCBuildConfiguration;
			buildSettings = {
				ALWAYS_EMBED_SWIFT_STANDARD_LIBRARIES = YES;
				BUNDLE_LOADER = "$(TEST_HOST)";
				CODE_SIGN_STYLE = Automatic;
				DEVELOPMENT_TEAM = 4R943G4SG3;
				INFOPLIST_FILE = CookGuideTests/Info.plist;
				IPHONEOS_DEPLOYMENT_TARGET = 14.0;
				LD_RUNPATH_SEARCH_PATHS = (
					"$(inherited)",
					"@executable_path/Frameworks",
					"@loader_path/Frameworks",
				);
				PRODUCT_BUNDLE_IDENTIFIER = Kenneth.CookGuideTests;
				PRODUCT_NAME = "$(TARGET_NAME)";
				SWIFT_VERSION = 5.0;
				TARGETED_DEVICE_FAMILY = "1,2";
				TEST_HOST = "$(BUILT_PRODUCTS_DIR)/CookGuide.app/CookGuide";
			};
			name = Debug;
		};
		9F6C004E26EA524E00689AA7 /* Release */ = {
			isa = XCBuildConfiguration;
			buildSettings = {
				ALWAYS_EMBED_SWIFT_STANDARD_LIBRARIES = YES;
				BUNDLE_LOADER = "$(TEST_HOST)";
				CODE_SIGN_STYLE = Automatic;
				DEVELOPMENT_TEAM = 4R943G4SG3;
				INFOPLIST_FILE = CookGuideTests/Info.plist;
				IPHONEOS_DEPLOYMENT_TARGET = 14.0;
				LD_RUNPATH_SEARCH_PATHS = (
					"$(inherited)",
					"@executable_path/Frameworks",
					"@loader_path/Frameworks",
				);
				PRODUCT_BUNDLE_IDENTIFIER = Kenneth.CookGuideTests;
				PRODUCT_NAME = "$(TARGET_NAME)";
				SWIFT_VERSION = 5.0;
				TARGETED_DEVICE_FAMILY = "1,2";
				TEST_HOST = "$(BUILT_PRODUCTS_DIR)/CookGuide.app/CookGuide";
			};
			name = Release;
		};
		9F6C005026EA524E00689AA7 /* Debug */ = {
			isa = XCBuildConfiguration;
			buildSettings = {
				ALWAYS_EMBED_SWIFT_STANDARD_LIBRARIES = YES;
				CODE_SIGN_STYLE = Automatic;
				DEVELOPMENT_TEAM = 4R943G4SG3;
				INFOPLIST_FILE = CookGuideUITests/Info.plist;
				LD_RUNPATH_SEARCH_PATHS = (
					"$(inherited)",
					"@executable_path/Frameworks",
					"@loader_path/Frameworks",
				);
				PRODUCT_BUNDLE_IDENTIFIER = Kenneth.CookGuideUITests;
				PRODUCT_NAME = "$(TARGET_NAME)";
				SWIFT_VERSION = 5.0;
				TARGETED_DEVICE_FAMILY = "1,2";
				TEST_TARGET_NAME = CookGuide;
			};
			name = Debug;
		};
		9F6C005126EA524E00689AA7 /* Release */ = {
			isa = XCBuildConfiguration;
			buildSettings = {
				ALWAYS_EMBED_SWIFT_STANDARD_LIBRARIES = YES;
				CODE_SIGN_STYLE = Automatic;
				DEVELOPMENT_TEAM = 4R943G4SG3;
				INFOPLIST_FILE = CookGuideUITests/Info.plist;
				LD_RUNPATH_SEARCH_PATHS = (
					"$(inherited)",
					"@executable_path/Frameworks",
					"@loader_path/Frameworks",
				);
				PRODUCT_BUNDLE_IDENTIFIER = Kenneth.CookGuideUITests;
				PRODUCT_NAME = "$(TARGET_NAME)";
				SWIFT_VERSION = 5.0;
				TARGETED_DEVICE_FAMILY = "1,2";
				TEST_TARGET_NAME = CookGuide;
			};
			name = Release;
		};
/* End XCBuildConfiguration section */

/* Begin XCConfigurationList section */
		9F6C001F26EA524C00689AA7 /* Build configuration list for PBXProject "CookGuide" */ = {
			isa = XCConfigurationList;
			buildConfigurations = (
				9F6C004726EA524E00689AA7 /* Debug */,
				9F6C004826EA524E00689AA7 /* Release */,
			);
			defaultConfigurationIsVisible = 0;
			defaultConfigurationName = Release;
		};
		9F6C004926EA524E00689AA7 /* Build configuration list for PBXNativeTarget "CookGuide" */ = {
			isa = XCConfigurationList;
			buildConfigurations = (
				9F6C004A26EA524E00689AA7 /* Debug */,
				9F6C004B26EA524E00689AA7 /* Release */,
			);
			defaultConfigurationIsVisible = 0;
			defaultConfigurationName = Release;
		};
		9F6C004C26EA524E00689AA7 /* Build configuration list for PBXNativeTarget "CookGuideTests" */ = {
			isa = XCConfigurationList;
			buildConfigurations = (
				9F6C004D26EA524E00689AA7 /* Debug */,
				9F6C004E26EA524E00689AA7 /* Release */,
			);
			defaultConfigurationIsVisible = 0;
			defaultConfigurationName = Release;
		};
		9F6C004F26EA524E00689AA7 /* Build configuration list for PBXNativeTarget "CookGuideUITests" */ = {
			isa = XCConfigurationList;
			buildConfigurations = (
				9F6C005026EA524E00689AA7 /* Debug */,
				9F6C005126EA524E00689AA7 /* Release */,
			);
			defaultConfigurationIsVisible = 0;
			defaultConfigurationName = Release;
		};
/* End XCConfigurationList section */

/* Begin XCRemoteSwiftPackageReference section */
		9F33F5DD27445B250020BFC8 /* XCRemoteSwiftPackageReference "realm-cocoa" */ = {
			isa = XCRemoteSwiftPackageReference;
			repositoryURL = "https://github.com/realm/realm-cocoa";
			requirement = {
				branch = master;
				kind = branch;
			};
		};
		9FD157EA2746DB9700909764 /* XCRemoteSwiftPackageReference "SwiftSoup" */ = {
			isa = XCRemoteSwiftPackageReference;
			repositoryURL = "https://github.com/scinfu/SwiftSoup";
			requirement = {
				kind = upToNextMajorVersion;
				minimumVersion = 2.0.0;
			};
		};
/* End XCRemoteSwiftPackageReference section */

/* Begin XCSwiftPackageProductDependency section */
		9F33F5DE27445B250020BFC8 /* Realm */ = {
			isa = XCSwiftPackageProductDependency;
			package = 9F33F5DD27445B250020BFC8 /* XCRemoteSwiftPackageReference "realm-cocoa" */;
			productName = Realm;
		};
		9F33F5E027445B250020BFC8 /* RealmSwift */ = {
			isa = XCSwiftPackageProductDependency;
			package = 9F33F5DD27445B250020BFC8 /* XCRemoteSwiftPackageReference "realm-cocoa" */;
			productName = RealmSwift;
		};
		9FD157EB2746DB9700909764 /* SwiftSoup */ = {
			isa = XCSwiftPackageProductDependency;
			package = 9FD157EA2746DB9700909764 /* XCRemoteSwiftPackageReference "SwiftSoup" */;
			productName = SwiftSoup;
		};
/* End XCSwiftPackageProductDependency section */
	};
	rootObject = 9F6C001C26EA524C00689AA7 /* Project object */;
}
